# THIS IS AN AUTOGENERATED FILE. DO NOT EDIT THIS FILE DIRECTLY.
# yarn lockfile v1


"@antv/util@^2.0.3":
  version "2.0.3"
  resolved "https://registry.yarnpkg.com/@antv/util/-/util-2.0.3.tgz#e6117e976faf45415b72a67d404c126bf0019fc3"
  integrity sha512-fsGeuTzJ7UhKosecJ7rn3kTKSj4UsDlKt+i3GfoJWJBWQYd1TTTcPkYf0TAhb2QOxCr9NlTVzYXwuLj+eGrmzw==
